
Microsoft Visual Studio Solution File, Format Version 12.00
# Visual Studio Version 16
VisualStudioVersion = 16.0.31313.79
MinimumVisualStudioVersion = 10.0.40219.1
Project("{FAE04EC0-301F-11D3-BF4B-00C04F79EFBC}") = "ProcurementTracker", "ProcurementTracker\ProcurementTracker.csproj", "{E7BA2B2D-E0ED-4095-8D91-281C2B1DA40D}"
EndProject
Global
	GlobalSection(SolutionConfigurationPlatforms) = preSolution
		Debug|Any CPU = Debug|Any CPU
		Release|Any CPU = Release|Any CPU
	EndGlobalSection
	GlobalSection(ProjectConfigurationPlatforms) = postSolution
		{E7BA2B2D-E0ED-4095-8D91-281C2B1DA40D}.Debug|Any CPU.ActiveCfg = Debug|Any CPU
		{E7BA2B2D-E0ED-4095-8D91-281C2B1DA40D}.Debug|Any CPU.Build.0 = Debug|Any CPU
		{E7BA2B2D-E0ED-4095-8D91-281C2B1DA40D}.Release|Any CPU.ActiveCfg = Release|Any CPU
		{E7BA2B2D-E0ED-4095-8D91-281C2B1DA40D}.Release|Any CPU.Build.0 = Release|Any CPU
	EndGlobalSection
	GlobalSection(SolutionProperties) = preSolution
		HideSolutionNode = FALSE
	EndGlobalSection
	GlobalSection(ExtensibilityGlobals) = postSolution
		SolutionGuid = {785AF9F4-2FFE-49DF-B96C-17ED2EA3C8E5}
	EndGlobalSection
EndGlobal
